
Microsoft Visual Studio Solution File, Format Version 12.00
# Visual Studio Version 16
VisualStudioVersion = 16.0.30517.126
MinimumVisualStudioVersion = 10.0.40219.1
Project("{FAE04EC0-301F-11D3-BF4B-00C04F79EFBC}") = "Metotlar", "Metotlar\Metotlar.csproj", "{669CA604-D5D3-407B-BC1A-9266BA003938}"
EndProject
Project("{FAE04EC0-301F-11D3-BF4B-00C04F79EFBC}") = "Matematik", "Matematik\Matematik.csproj", "{99EEEC30-FE82-44D8-A2F1-7A08B78C8598}"
EndProject
Project("{FAE04EC0-301F-11D3-BF4B-00C04F79EFBC}") = "DegerVeReferansTipler", "DegerVeReferansTipler\DegerVeReferansTipler.csproj", "{7960826A-56FD-425A-AC80-552D4818D257}"
EndProject
Global
	GlobalSection(SolutionConfigurationPlatforms) = preSolution
		Debug|Any CPU = Debug|Any CPU
		Release|Any CPU = Release|Any CPU
	EndGlobalSection
	GlobalSection(ProjectConfigurationPlatforms) = postSolution
		{669CA604-D5D3-407B-BC1A-9266BA003938}.Debug|Any CPU.ActiveCfg = Debug|Any CPU
		{669CA604-D5D3-407B-BC1A-9266BA003938}.Debug|Any CPU.Build.0 = Debug|Any CPU
		{669CA604-D5D3-407B-BC1A-9266BA003938}.Release|Any CPU.ActiveCfg = Release|Any CPU
		{669CA604-D5D3-407B-BC1A-9266BA003938}.Release|Any CPU.Build.0 = Release|Any CPU
		{99EEEC30-FE82-44D8-A2F1-7A08B78C8598}.Debug|Any CPU.ActiveCfg = Debug|Any CPU
		{99EEEC30-FE82-44D8-A2F1-7A08B78C8598}.Debug|Any CPU.Build.0 = Debug|Any CPU
		{99EEEC30-FE82-44D8-A2F1-7A08B78C8598}.Release|Any CPU.ActiveCfg = Release|Any CPU
		{99EEEC30-FE82-44D8-A2F1-7A08B78C8598}.Release|Any CPU.Build.0 = Release|Any CPU
		{7960826A-56FD-425A-AC80-552D4818D257}.Debug|Any CPU.ActiveCfg = Debug|Any CPU
		{7960826A-56FD-425A-AC80-552D4818D257}.Debug|Any CPU.Build.0 = Debug|Any CPU
		{7960826A-56FD-425A-AC80-552D4818D257}.Release|Any CPU.ActiveCfg = Release|Any CPU
		{7960826A-56FD-425A-AC80-552D4818D257}.Release|Any CPU.Build.0 = Release|Any CPU
	EndGlobalSection
	GlobalSection(SolutionProperties) = preSolution
		HideSolutionNode = FALSE
	EndGlobalSection
	GlobalSection(ExtensibilityGlobals) = postSolution
		SolutionGuid = {F1B69A0B-5DCE-40F2-B5A0-A33C4E40787C}
	EndGlobalSection
EndGlobal
